// !$*UTF8*$!
{
	archiveVersion = 1;
	classes = {
	};
	objectVersion = 55;
	objects = {

/* Begin PBXBuildFile section */
		3A31A5C02897D8960091D8E1 /* ChatBotTutorialApp.swift in Sources */ = {isa = PBXBuildFile; fileRef = 3A31A5B02897D8950091D8E1 /* ChatBotTutorialApp.swift */; };
		3A31A5C12897D8960091D8E1 /* ChatBotTutorialApp.swift in Sources */ = {isa = PBXBuildFile; fileRef = 3A31A5B02897D8950091D8E1 /* ChatBotTutorialApp.swift */; };
		3A31A5C22897D8960091D8E1 /* ContentView.swift in Sources */ = {isa = PBXBuildFile; fileRef = 3A31A5B12897D8950091D8E1 /* ContentView.swift */; };
		3A31A5C32897D8960091D8E1 /* ContentView.swift in Sources */ = {isa = PBXBuildFile; fileRef = 3A31A5B12897D8950091D8E1 /* ContentView.swift */; };
		3A31A5C42897D8960091D8E1 /* Assets.xcassets in Resources */ = {isa = PBXBuildFile; fileRef = 3A31A5B22897D8960091D8E1 /* Assets.xcassets */; };
		3A31A5C52897D8960091D8E1 /* Assets.xcassets in Resources */ = {isa = PBXBuildFile; fileRef = 3A31A5B22897D8960091D8E1 /* Assets.xcassets */; };
		3A31A5CF2897DA1D0091D8E1 /* Botresponse.swift in Sources */ = {isa = PBXBuildFile; fileRef = 3A31A5CE2897DA1C0091D8E1 /* Botresponse.swift */; };
		3A31A5D02897DA1D0091D8E1 /* Botresponse.swift in Sources */ = {isa = PBXBuildFile; fileRef = 3A31A5CE2897DA1C0091D8E1 /* Botresponse.swift */; };
/* End PBXBuildFile section */

/* Begin PBXFileReference section */
		3A2B96AE289852310047FD37 /* README.md */ = {isa = PBXFileReference; lastKnownFileType = net.daringfireball.markdown; path = README.md; sourceTree = "<group>"; };
		3A31A5B02897D8950091D8E1 /* ChatBotTutorialApp.swift */ = {isa = PBXFileReference; lastKnownFileType = sourcecode.swift; path = ChatBotTutorialApp.swift; sourceTree = "<group>"; };
		3A31A5B12897D8950091D8E1 /* ContentView.swift */ = {isa = PBXFileReference; lastKnownFileType = sourcecode.swift; path = ContentView.swift; sourceTree = "<group>"; };
		3A31A5B22897D8960091D8E1 /* Assets.xcassets */ = {isa = PBXFileReference; lastKnownFileType = folder.assetcatalog; path = Assets.xcassets; sourceTree = "<group>"; };
		3A31A5B72897D8960091D8E1 /* ChatBotTutorial.app */ = {isa = PBXFileReference; explicitFileType = wrapper.application; includeInIndex = 0; path = ChatBotTutorial.app; sourceTree = BUILT_PRODUCTS_DIR; };
		3A31A5BD2897D8960091D8E1 /* ChatBotTutorial.app */ = {isa = PBXFileReference; explicitFileType = wrapper.application; includeInIndex = 0; path = ChatBotTutorial.app; sourceTree = BUILT_PRODUCTS_DIR; };
		3A31A5BF2897D8960091D8E1 /* macOS.entitlements */ = {isa = PBXFileReference; lastKnownFileType = text.plist.entitlements; path = macOS.entitlements; sourceTree = "<group>"; };
		3A31A5CE2897DA1C0091D8E1 /* Botresponse.swift */ = {isa = PBXFileReference; lastKnownFileType = sourcecode.swift; path = Botresponse.swift; sourceTree = "<group>"; };
/* End PBXFileReference section */

/* Begin PBXFrameworksBuildPhase section */
		3A31A5B42897D8960091D8E1 /* Frameworks */ = {
			isa = PBXFrameworksBuildPhase;
			buildActionMask = 2147483647;
			files = (
			);
			runOnlyForDeploymentPostprocessing = 0;
		};
		3A31A5BA2897D8960091D8E1 /* Frameworks */ = {
			isa = PBXFrameworksBuildPhase;
			buildActionMask = 2147483647;
			files = (
			);
			runOnlyForDeploymentPostprocessing = 0;
		};
/* End PBXFrameworksBuildPhase section */

/* Begin PBXGroup section */
		3A31A5AA2897D8950091D8E1 = {
			isa = PBXGroup;
			children = (
				3A2B96AE289852310047FD37 /* README.md */,
				3A31A5AF2897D8950091D8E1 /* Shared */,
				3A31A5BE2897D8960091D8E1 /* macOS */,
				3A31A5B82897D8960091D8E1 /* Products */,
			);
			sourceTree = "<group>";
		};
		3A31A5AF2897D8950091D8E1 /* Shared */ = {
			isa = PBXGroup;
			children = (
				3A31A5B02897D8950091D8E1 /* ChatBotTutorialApp.swift */,
				3A31A5B12897D8950091D8E1 /* ContentView.swift */,
				3A31A5CE2897DA1C0091D8E1 /* Botresponse.swift */,
				3A31A5B22897D8960091D8E1 /* Assets.xcassets */,
			);
			path = Shared;
			sourceTree = "<group>";
		};
		3A31A5B82897D8960091D8E1 /* Products */ = {
			isa = PBXGroup;
			children = (
				3A31A5B72897D8960091D8E1 /* ChatBotTutorial.app */,
				3A31A5BD2897D8960091D8E1 /* ChatBotTutorial.app */,
			);
			name = Products;
			sourceTree = "<group>";
		};
		3A31A5BE2897D8960091D8E1 /* macOS */ = {
			isa = PBXGroup;
			children = (
				3A31A5BF2897D8960091D8E1 /* macOS.entitlements */,
			);
			path = macOS;
			sourceTree = "<group>";
		};
/* End PBXGroup section */

/* Begin PBXNativeTarget section */
		3A31A5B62897D8960091D8E1 /* ChatBotTutorial (iOS) */ = {
			isa = PBXNativeTarget;
			buildConfigurationList = 3A31A5C82897D8960091D8E1 /* Build configuration list for PBXNativeTarget "ChatBotTutorial (iOS)" */;
			buildPhases = (
				3A31A5B32897D8960091D8E1 /* Sources */,
				3A31A5B42897D8960091D8E1 /* Frameworks */,
				3A31A5B52897D8960091D8E1 /* Resources */,
			);
			buildRules = (
			);
			dependencies = (
			);
			name = "ChatBotTutorial (iOS)";
			productName = "ChatBotTutorial (iOS)";
			productReference = 3A31A5B72897D8960091D8E1 /* ChatBotTutorial.app */;
			productType = "com.apple.product-type.application";
		};
		3A31A5BC2897D8960091D8E1 /* ChatBotTutorial (macOS) */ = {
			isa = PBXNativeTarget;
			buildConfigurationList = 3A31A5CB2897D8960091D8E1 /* Build configuration list for PBXNativeTarget "ChatBotTutorial (macOS)" */;
			buildPhases = (
				3A31A5B92897D8960091D8E1 /* Sources */,
				3A31A5BA2897D8960091D8E1 /* Frameworks */,
				3A31A5BB2897D8960091D8E1 /* Resources */,
			);
			buildRules = (
			);
			dependencies = (
			);
			name = "ChatBotTutorial (macOS)";
			productName = "ChatBotTutorial (macOS)";
			productReference = 3A31A5BD2897D8960091D8E1 /* ChatBotTutorial.app */;
			productType = "com.apple.product-type.application";
		};
/* End PBXNativeTarget section */

/* Begin PBXProject section */
		3A31A5AB2897D8950091D8E1 /* Project object */ = {
			isa = PBXProject;
			attributes = {
				BuildIndependentTargetsInParallel = 1;
				LastSwiftUpdateCheck = 1340;
				LastUpgradeCheck = 1340;
				TargetAttributes = {
					3A31A5B62897D8960091D8E1 = {
						CreatedOnToolsVersion = 13.4.1;
					};
					3A31A5BC2897D8960091D8E1 = {
						CreatedOnToolsVersion = 13.4.1;
					};
				};
			};
			buildConfigurationList = 3A31A5AE2897D8950091D8E1 /* Build configuration list for PBXProject "ChatBotTutorial" */;
			compatibilityVersion = "Xcode 13.0";
			developmentRegion = en;
			hasScannedForEncodings = 0;
			knownRegions = (
				en,
				Base,
			);
			mainGroup = 3A31A5AA2897D8950091D8E1;
			productRefGroup = 3A31A5B82897D8960091D8E1 /* Products */;
			projectDirPath = "";
			projectRoot = "";
			targets = (
				3A31A5B62897D8960091D8E1 /* ChatBotTutorial (iOS) */,
				3A31A5BC2897D8960091D8E1 /* ChatBotTutorial (macOS) */,
			);
		};
/* End PBXProject section */

/* Begin PBXResourcesBuildPhase section */
		3A31A5B52897D8960091D8E1 /* Resources */ = {
			isa = PBXResourcesBuildPhase;
			buildActionMask = 2147483647;
			files = (
				3A31A5C42897D8960091D8E1 /* Assets.xcassets in Resources */,
			);
			runOnlyForDeploymentPostprocessing = 0;
		};
		3A31A5BB2897D8960091D8E1 /* Resources */ = {
			isa = PBXResourcesBuildPhase;
			buildActionMask = 2147483647;
			files = (
				3A31A5C52897D8960091D8E1 /* Assets.xcassets in Resources */,
			);
			runOnlyForDeploymentPostprocessing = 0;
		};
/* End PBXResourcesBuildPhase section */

/* Begin PBXSourcesBuildPhase section */
		3A31A5B32897D8960091D8E1 /* Sources */ = {
			isa = PBXSourcesBuildPhase;
			buildActionMask = 2147483647;
			files = (
				3A31A5CF2897DA1D0091D8E1 /* Botresponse.swift in Sources */,
				3A31A5C22897D8960091D8E1 /* ContentView.swift in Sources */,
				3A31A5C02897D8960091D8E1 /* ChatBotTutorialApp.swift in Sources */,
			);
			runOnlyForDeploymentPostprocessing = 0;
		};
		3A31A5B92897D8960091D8E1 /* Sources */ = {
			isa = PBXSourcesBuildPhase;
			buildActionMask = 2147483647;
			files = (
				3A31A5D02897DA1D0091D8E1 /* Botresponse.swift in Sources */,
				3A31A5C32897D8960091D8E1 /* ContentView.swift in Sources */,
				3A31A5C12897D8960091D8E1 /* ChatBotTutorialApp.swift in Sources */,
			);
			runOnlyForDeploymentPostprocessing = 0;
		};
/* End PBXSourcesBuildPhase section */

/* Begin XCBuildConfiguration section */
		3A31A5C62897D8960091D8E1 /* Debug */ = {
			isa = XCBuildConfiguration;
			buildSettings = {
				ALWAYS_SEARCH_USER_PATHS = NO;
				CLANG_ANALYZER_NONNULL = YES;
				CLANG_ANALYZER_NUMBER_OBJECT_CONVERSION = YES_AGGRESSIVE;
				CLANG_CXX_LANGUAGE_STANDARD = "gnu++17";
				CLANG_ENABLE_MODULES = YES;
				CLANG_ENABLE_OBJC_ARC = YES;
				CLANG_ENABLE_OBJC_WEAK = YES;
				CLANG_WARN_BLOCK_CAPTURE_AUTORELEASING = YES;
				CLANG_WARN_BOOL_CONVERSION = YES;
				CLANG_WARN_COMMA = YES;
				CLANG_WARN_CONSTANT_CONVERSION = YES;
				CLANG_WARN_DEPRECATED_OBJC_IMPLEMENTATIONS = YES;
				CLANG_WARN_DIRECT_OBJC_ISA_USAGE = YES_ERROR;
				CLANG_WARN_DOCUMENTATION_COMMENTS = YES;
				CLANG_WARN_EMPTY_BODY = YES;
				CLANG_WARN_ENUM_CONVERSION = YES;
				CLANG_WARN_INFINITE_RECURSION = YES;
				CLANG_WARN_INT_CONVERSION = YES;
				CLANG_WARN_NON_LITERAL_NULL_CONVERSION = YES;
				CLANG_WARN_OBJC_IMPLICIT_RETAIN_SELF = YES;
				CLANG_WARN_OBJC_LITERAL_CONVERSION = YES;
				CLANG_WARN_OBJC_ROOT_CLASS = YES_ERROR;
				CLANG_WARN_QUOTED_INCLUDE_IN_FRAMEWORK_HEADER = YES;
				CLANG_WARN_RANGE_LOOP_ANALYSIS = YES;
				CLANG_WARN_STRICT_PROTOTYPES = YES;
				CLANG_WARN_SUSPICIOUS_MOVE = YES;
				CLANG_WARN_UNGUARDED_AVAILABILITY = YES_AGGRESSIVE;
				CLANG_WARN_UNREACHABLE_CODE = YES;
				CLANG_WARN__DUPLICATE_METHOD_MATCH = YES;
				COPY_PHASE_STRIP = NO;
				DEBUG_INFORMATION_FORMAT = dwarf;
				ENABLE_STRICT_OBJC_MSGSEND = YES;
				ENABLE_TESTABILITY = YES;
				GCC_C_LANGUAGE_STANDARD = gnu11;
				GCC_DYNAMIC_NO_PIC = NO;
				GCC_NO_COMMON_BLOCKS = YES;
				GCC_OPTIMIZATION_LEVEL = 0;
				GCC_PREPROCESSOR_DEFINITIONS = (
					"DEBUG=1",
					"$(inherited)",
				);
				GCC_WARN_64_TO_32_BIT_CONVERSION = YES;
				GCC_WARN_ABOUT_RETURN_TYPE = YES_ERROR;
				GCC_WARN_UNDECLARED_SELECTOR = YES;
				GCC_WARN_UNINITIALIZED_AUTOS = YES_AGGRESSIVE;
				GCC_WARN_UNUSED_FUNCTION = YES;
				GCC_WARN_UNUSED_VARIABLE = YES;
				MTL_ENABLE_DEBUG_INFO = INCLUDE_SOURCE;
				MTL_FAST_MATH = YES;
				ONLY_ACTIVE_ARCH = YES;
				SWIFT_ACTIVE_COMPILATION_CONDITIONS = DEBUG;
				SWIFT_OPTIMIZATION_LEVEL = "-Onone";
			};
			name = Debug;
		};
		3A31A5C72897D8960091D8E1 /* Release */ = {
			isa = XCBuildConfiguration;
			buildSettings = {
				ALWAYS_SEARCH_USER_PATHS = NO;
				CLANG_ANALYZER_NONNULL = YES;
				CLANG_ANALYZER_NUMBER_OBJECT_CONVERSION = YES_AGGRESSIVE;
				CLANG_CXX_LANGUAGE_STANDARD = "gnu++17";
				CLANG_ENABLE_MODULES = YES;
				CLANG_ENABLE_OBJC_ARC = YES;
				CLANG_ENABLE_OBJC_WEAK = YES;
				CLANG_WARN_BLOCK_CAPTURE_AUTORELEASING = YES;
				CLANG_WARN_BOOL_CONVERSION = YES;
				CLANG_WARN_COMMA = YES;
				CLANG_WARN_CONSTANT_CONVERSION = YES;
				CLANG_WARN_DEPRECATED_OBJC_IMPLEMENTATIONS = YES;
				CLANG_WARN_DIRECT_OBJC_ISA_USAGE = YES_ERROR;
				CLANG_WARN_DOCUMENTATION_COMMENTS = YES;
				CLANG_WARN_EMPTY_BODY = YES;
				CLANG_WARN_ENUM_CONVERSION = YES;
				CLANG_WARN_INFINITE_RECURSION = YES;
				CLANG_WARN_INT_CONVERSION = YES;
				CLANG_WARN_NON_LITERAL_NULL_CONVERSION = YES;
				CLANG_WARN_OBJC_IMPLICIT_RETAIN_SELF = YES;
				CLANG_WARN_OBJC_LITERAL_CONVERSION = YES;
				CLANG_WARN_OBJC_ROOT_CLASS = YES_ERROR;
				CLANG_WARN_QUOTED_INCLUDE_IN_FRAMEWORK_HEADER = YES;
				CLANG_WARN_RANGE_LOOP_ANALYSIS = YES;
				CLANG_WARN_STRICT_PROTOTYPES = YES;
				CLANG_WARN_SUSPICIOUS_MOVE = YES;
				CLANG_WARN_UNGUARDED_AVAILABILITY = YES_AGGRESSIVE;
				CLANG_WARN_UNREACHABLE_CODE = YES;
				CLANG_WARN__DUPLICATE_METHOD_MATCH = YES;
				COPY_PHASE_STRIP = NO;
				DEBUG_INFORMATION_FORMAT = "dwarf-with-dsym";
				ENABLE_NS_ASSERTIONS = NO;
				ENABLE_STRICT_OBJC_MSGSEND = YES;
				GCC_C_LANGUAGE_STANDARD = gnu11;
				GCC_NO_COMMON_BLOCKS = YES;
				GCC_WARN_64_TO_32_BIT_CONVERSION = YES;
				GCC_WARN_ABOUT_RETURN_TYPE = YES_ERROR;
				GCC_WARN_UNDECLARED_SELECTOR = YES;
				GCC_WARN_UNINITIALIZED_AUTOS = YES_AGGRESSIVE;
				GCC_WARN_UNUSED_FUNCTION = YES;
				GCC_WARN_UNUSED_VARIABLE = YES;
				MTL_ENABLE_DEBUG_INFO = NO;
				MTL_FAST_MATH = YES;
				SWIFT_COMPILATION_MODE = wholemodule;
				SWIFT_OPTIMIZATION_LEVEL = "-O";
			};
			name = Release;
		};
		3A31A5C92897D8960091D8E1 /* Debug */ = {
			isa = XCBuildConfiguration;
			buildSettings = {
				ASSETCATALOG_COMPILER_APPICON_NAME = AppIcon;
				ASSETCATALOG_COMPILER_GLOBAL_ACCENT_COLOR_NAME = AccentColor;
				CODE_SIGN_STYLE = Automatic;
				CURRENT_PROJECT_VERSION = 1;
				DEVELOPMENT_TEAM = 64TKHZP6VP;
				ENABLE_PREVIEWS = YES;
				GENERATE_INFOPLIST_FILE = YES;
				INFOPLIST_KEY_UIApplicationSceneManifest_Generation = YES;
				INFOPLIST_KEY_UIApplicationSupportsIndirectInputEvents = YES;
				INFOPLIST_KEY_UILaunchScreen_Generation = YES;
				INFOPLIST_KEY_UISupportedInterfaceOrientations_iPad = "UIInterfaceOrientationPortrait UIInterfaceOrientationPortraitUpsideDown UIInterfaceOrientationLandscapeLeft UIInterfaceOrientationLandscapeRight";
				INFOPLIST_KEY_UISupportedInterfaceOrientations_iPhone = "UIInterfaceOrientationPortrait UIInterfaceOrientationLandscapeLeft UIInterfaceOrientationLandscapeRight";
				IPHONEOS_DEPLOYMENT_TARGET = 15.5;
				LD_RUNPATH_SEARCH_PATHS = (
					"$(inherited)",
					"@executable_path/Frameworks",
				);
				MARKETING_VERSION = 1.0;
				PRODUCT_BUNDLE_IDENTIFIER = com.tarikmerrylees.ChatBotTutorial;
				PRODUCT_NAME = ChatBotTutorial;
				SDKROOT = iphoneos;
				SWIFT_EMIT_LOC_STRINGS = YES;
				SWIFT_VERSION = 5.0;
				TARGETED_DEVICE_FAMILY = "1,2";
			};
			name = Debug;
		};
		3A31A5CA2897D8960091D8E1 /* Release */ = {
			isa = XCBuildConfiguration;
			buildSettings = {
				ASSETCATALOG_COMPILER_APPICON_NAME = AppIcon;
				ASSETCATALOG_COMPILER_GLOBAL_ACCENT_COLOR_NAME = AccentColor;
				CODE_SIGN_STYLE = Automatic;
				CURRENT_PROJECT_VERSION = 1;
				DEVELOPMENT_TEAM = 64TKHZP6VP;
				ENABLE_PREVIEWS = YES;
				GENERATE_INFOPLIST_FILE = YES;
				INFOPLIST_KEY_UIApplicationSceneManifest_Generation = YES;
				INFOPLIST_KEY_UIApplicationSupportsIndirectInputEvents = YES;
				INFOPLIST_KEY_UILaunchScreen_Generation = YES;
				INFOPLIST_KEY_UISupportedInterfaceOrientations_iPad = "UIInterfaceOrientationPortrait UIInterfaceOrientationPortraitUpsideDown UIInterfaceOrientationLandscapeLeft UIInterfaceOrientationLandscapeRight";
				INFOPLIST_KEY_UISupportedInterfaceOrientations_iPhone = "UIInterfaceOrientationPortrait UIInterfaceOrientationLandscapeLeft UIInterfaceOrientationLandscapeRight";
				IPHONEOS_DEPLOYMENT_TARGET = 15.5;
				LD_RUNPATH_SEARCH_PATHS = (
					"$(inherited)",
					"@executable_path/Frameworks",
				);
				MARKETING_VERSION = 1.0;
				PRODUCT_BUNDLE_IDENTIFIER = com.tarikmerrylees.ChatBotTutorial;
				PRODUCT_NAME = ChatBotTutorial;
				SDKROOT = iphoneos;
				SWIFT_EMIT_LOC_STRINGS = YES;
				SWIFT_VERSION = 5.0;
				TARGETED_DEVICE_FAMILY = "1,2";
				VALIDATE_PRODUCT = YES;
			};
			name = Release;
		};
		3A31A5CC2897D8960091D8E1 /* Debug */ = {
			isa = XCBuildConfiguration;
			buildSettings = {
				ASSETCATALOG_COMPILER_APPICON_NAME = AppIcon;
				ASSETCATALOG_COMPILER_GLOBAL_ACCENT_COLOR_NAME = AccentColor;
				CODE_SIGN_ENTITLEMENTS = macOS/macOS.entitlements;
				CODE_SIGN_STYLE = Automatic;
				COMBINE_HIDPI_IMAGES = YES;
				CURRENT_PROJECT_VERSION = 1;
				DEVELOPMENT_TEAM = 64TKHZP6VP;
				ENABLE_HARDENED_RUNTIME = YES;
				ENABLE_PREVIEWS = YES;
				GENERATE_INFOPLIST_FILE = YES;
				INFOPLIST_KEY_NSHumanReadableCopyright = "";
				LD_RUNPATH_SEARCH_PATHS = (
					"$(inherited)",
					"@executable_path/../Frameworks",
				);
				MACOSX_DEPLOYMENT_TARGET = 12.3;
				MARKETING_VERSION = 1.0;
				PRODUCT_BUNDLE_IDENTIFIER = com.tarikmerrylees.ChatBotTutorial;
				PRODUCT_NAME = ChatBotTutorial;
				SDKROOT = macosx;
				SWIFT_EMIT_LOC_STRINGS = YES;
				SWIFT_VERSION = 5.0;
			};
			name = Debug;
		};
		3A31A5CD2897D8960091D8E1 /* Release */ = {
			isa = XCBuildConfiguration;
			buildSettings = {
				ASSETCATALOG_COMPILER_APPICON_NAME = AppIcon;
				ASSETCATALOG_COMPILER_GLOBAL_ACCENT_COLOR_NAME = AccentColor;
				CODE_SIGN_ENTITLEMENTS = macOS/macOS.entitlements;
				CODE_SIGN_STYLE = Automatic;
				COMBINE_HIDPI_IMAGES = YES;
				CURRENT_PROJECT_VERSION = 1;
				DEVELOPMENT_TEAM = 64TKHZP6VP;
				ENABLE_HARDENED_RUNTIME = YES;
				ENABLE_PREVIEWS = YES;
				GENERATE_INFOPLIST_FILE = YES;
				INFOPLIST_KEY_NSHumanReadableCopyright = "";
				LD_RUNPATH_SEARCH_PATHS = (
					"$(inherited)",
					"@executable_path/../Frameworks",
				);
				MACOSX_DEPLOYMENT_TARGET = 12.3;
				MARKETING_VERSION = 1.0;
				PRODUCT_BUNDLE_IDENTIFIER = com.tarikmerrylees.ChatBotTutorial;
				PRODUCT_NAME = ChatBotTutorial;
				SDKROOT = macosx;
				SWIFT_EMIT_LOC_STRINGS = YES;
				SWIFT_VERSION = 5.0;
			};
			name = Release;
		};
/* End XCBuildConfiguration section */

/* Begin XCConfigurationList section */
		3A31A5AE2897D8950091D8E1 /* Build configuration list for PBXProject "ChatBotTutorial" */ = {
			isa = XCConfigurationList;
			buildConfigurations = (
				3A31A5C62897D8960091D8E1 /* Debug */,
				3A31A5C72897D8960091D8E1 /* Release */,
			);
			defaultConfigurationIsVisible = 0;
			defaultConfigurationName = Release;
		};
		3A31A5C82897D8960091D8E1 /* Build configuration list for PBXNativeTarget "ChatBotTutorial (iOS)" */ = {
			isa = XCConfigurationList;
			buildConfigurations = (
				3A31A5C92897D8960091D8E1 /* Debug */,
				3A31A5CA2897D8960091D8E1 /* Release */,
			);
			defaultConfigurationIsVisible = 0;
			defaultConfigurationName = Release;
		};
		3A31A5CB2897D8960091D8E1 /* Build configuration list for PBXNativeTarget "ChatBotTutorial (macOS)" */ = {
			isa = XCConfigurationList;
			buildConfigurations = (
				3A31A5CC2897D8960091D8E1 /* Debug */,
				3A31A5CD2897D8960091D8E1 /* Release */,
			);
			defaultConfigurationIsVisible = 0;
			defaultConfigurationName = Release;
		};
/* End XCConfigurationList section */
	};
	rootObject = 3A31A5AB2897D8950091D8E1 /* Project object */;
}
